
Microsoft Visual Studio Solution File, Format Version 12.00
# Visual Studio Version 17
VisualStudioVersion = 17.3.32929.385
MinimumVisualStudioVersion = 10.0.40219.1
Project("{FAE04EC0-301F-11D3-BF4B-00C04F79EFBC}") = "CryptoConsumer", "CryptoConsumer\CryptoConsumer.csproj", "{787C7A45-E9C2-4C14-998B-D3D3C4C21ED3}"
	ProjectSection(ProjectDependencies) = postProject
		{90042FBF-5A00-4B35-98A7-64C2C5878B17} = {90042FBF-5A00-4B35-98A7-64C2C5878B17}
	EndProjectSection
EndProject
Project("{FAE04EC0-301F-11D3-BF4B-00C04F79EFBC}") = "CryptoProvider", "CryptoProvider\CryptoProvider.csproj", "{90042FBF-5A00-4B35-98A7-64C2C5878B17}"
EndProject
Project("{FAE04EC0-301F-11D3-BF4B-00C04F79EFBC}") = "Library", "CryptoLibrary\Library.csproj", "{4E0F93A8-37E3-47C2-B4F1-33092B6BEF3D}"
EndProject
Global
	GlobalSection(SolutionConfigurationPlatforms) = preSolution
		Debug|Any CPU = Debug|Any CPU
		Release|Any CPU = Release|Any CPU
	EndGlobalSection
	GlobalSection(ProjectConfigurationPlatforms) = postSolution
		{787C7A45-E9C2-4C14-998B-D3D3C4C21ED3}.Debug|Any CPU.ActiveCfg = Debug|Any CPU
		{787C7A45-E9C2-4C14-998B-D3D3C4C21ED3}.Debug|Any CPU.Build.0 = Debug|Any CPU
		{787C7A45-E9C2-4C14-998B-D3D3C4C21ED3}.Release|Any CPU.ActiveCfg = Release|Any CPU
		{787C7A45-E9C2-4C14-998B-D3D3C4C21ED3}.Release|Any CPU.Build.0 = Release|Any CPU
		{90042FBF-5A00-4B35-98A7-64C2C5878B17}.Debug|Any CPU.ActiveCfg = Debug|Any CPU
		{90042FBF-5A00-4B35-98A7-64C2C5878B17}.Debug|Any CPU.Build.0 = Debug|Any CPU
		{90042FBF-5A00-4B35-98A7-64C2C5878B17}.Release|Any CPU.ActiveCfg = Release|Any CPU
		{90042FBF-5A00-4B35-98A7-64C2C5878B17}.Release|Any CPU.Build.0 = Release|Any CPU
		{4E0F93A8-37E3-47C2-B4F1-33092B6BEF3D}.Debug|Any CPU.ActiveCfg = Debug|Any CPU
		{4E0F93A8-37E3-47C2-B4F1-33092B6BEF3D}.Debug|Any CPU.Build.0 = Debug|Any CPU
		{4E0F93A8-37E3-47C2-B4F1-33092B6BEF3D}.Release|Any CPU.ActiveCfg = Release|Any CPU
		{4E0F93A8-37E3-47C2-B4F1-33092B6BEF3D}.Release|Any CPU.Build.0 = Release|Any CPU
	EndGlobalSection
	GlobalSection(SolutionProperties) = preSolution
		HideSolutionNode = FALSE
	EndGlobalSection
	GlobalSection(ExtensibilityGlobals) = postSolution
		SolutionGuid = {48924118-7574-4F63-B4B4-2BC5C7A712A2}
	EndGlobalSection
EndGlobal
